lockfileVersion: '6.0'

settings:
  autoInstallPeers: true
  excludeLinksFromLockfile: false

dependencies:
  cron:
    specifier: ^3.1.3
    version: 3.1.3
  dotenv:
    specifier: ^16.3.1
    version: 16.3.1

packages:

  /@types/luxon@3.3.3:
    resolution: {integrity: sha512-/BJF3NT0pRMuxrenr42emRUF67sXwcZCd+S1ksG/Fcf9O7C3kKCY4uJSbKBE4KDUIYr3WMsvfmWD8hRjXExBJQ==}
    dev: false

  /cron@3.1.3:
    resolution: {integrity: sha512-KVxeKTKYj2eNzN4ElnT6nRSbjbfhyxR92O/Jdp6SH3pc05CDJws59jBrZWEMQlxevCiE6QUTrXy+Im3vC3oD3A==}
    dependencies:
      '@types/luxon': 3.3.3
      luxon: 3.4.3
    dev: false

  /dotenv@16.3.1:
    resolution: {integrity: sha512-IPzF4w4/Rd94bA9imS68tZBaYyBWSCE47V1RGuMrB94iyTOIEwRmVL2x/4An+6mETpLrKJ5hQkB8W4kFAadeIQ==}
    engines: {node: '>=12'}
    dev: false

  /luxon@3.4.3:
    resolution: {integrity: sha512-tFWBiv3h7z+T/tDaoxA8rqTxy1CHV6gHS//QdaH4pulbq/JuBSGgQspQQqcgnwdAx6pNI7cmvz5Sv/addzHmUg==}
    engines: {node: '>=12'}
    dev: false
